// !$*UTF8*$!
{
	archiveVersion = 1;
	classes = {
	};
	objectVersion = 46;
	objects = {

/* Begin PBXBuildFile section */
		7B77B6AB1EFADC7800A206F6 /* main.m in Sources */ = {isa = PBXBuildFile; fileRef = 7B77B6AA1EFADC7800A206F6 /* main.m */; };
		7B77B6AE1EFADC7800A206F6 /* AppDelegate.m in Sources */ = {isa = PBXBuildFile; fileRef = 7B77B6AD1EFADC7800A206F6 /* AppDelegate.m */; };
		7B77B6B11EFADC7800A206F6 /* FirstViewController.m in Sources */ = {isa = PBXBuildFile; fileRef = 7B77B6B01EFADC7800A206F6 /* FirstViewController.m */; };
		7B77B6B41EFADC7800A206F6 /* SecondViewController.m in Sources */ = {isa = PBXBuildFile; fileRef = 7B77B6B31EFADC7800A206F6 /* SecondViewController.m */; };
		7B77B6B71EFADC7800A206F6 /* Main.storyboard in Resources */ = {isa = PBXBuildFile; fileRef = 7B77B6B51EFADC7800A206F6 /* Main.storyboard */; };
		7B77B6B91EFADC7800A206F6 /* Assets.xcassets in Resources */ = {isa = PBXBuildFile; fileRef = 7B77B6B81EFADC7800A206F6 /* Assets.xcassets */; };
		7B77B6BC1EFADC7800A206F6 /* LaunchScreen.storyboard in Resources */ = {isa = PBXBuildFile; fileRef = 7B77B6BA1EFADC7800A206F6 /* LaunchScreen.storyboard */; };
		7B77B6C71EFADC7800A206F6 /* DoodlePodTests.m in Sources */ = {isa = PBXBuildFile; fileRef = 7B77B6C61EFADC7800A206F6 /* DoodlePodTests.m */; };
		7B77B6D21EFADC7800A206F6 /* DoodlePodUITests.m in Sources */ = {isa = PBXBuildFile; fileRef = 7B77B6D11EFADC7800A206F6 /* DoodlePodUITests.m */; };
		7B77B6E11EFADC9E00A206F6 /* DrawSubView.m in Sources */ = {isa = PBXBuildFile; fileRef = 7B77B6E01EFADC9E00A206F6 /* DrawSubView.m */; };
		7B77B6E41EFC566800A206F6 /* DBManager.m in Sources */ = {isa = PBXBuildFile; fileRef = 7B77B6E31EFC566800A206F6 /* DBManager.m */; };
		7B77B6E71EFC63D800A206F6 /* libsqlite3.tbd in Frameworks */ = {isa = PBXBuildFile; fileRef = 7B77B6E61EFC63D800A206F6 /* libsqlite3.tbd */; };
		7B77B6EA1EFD996100A206F6 /* TCPConnectionClientStuff.m in Sources */ = {isa = PBXBuildFile; fileRef = 7B77B6E91EFD996100A206F6 /* TCPConnectionClientStuff.m */; };
		7B77B6ED1EFD9B3900A206F6 /* GCDAsyncSocket.m in Sources */ = {isa = PBXBuildFile; fileRef = 7B77B6EC1EFD9B3900A206F6 /* GCDAsyncSocket.m */; };
/* End PBXBuildFile section */

/* Begin PBXContainerItemProxy section */
		7B77B6C31EFADC7800A206F6 /* PBXContainerItemProxy */ = {
			isa = PBXContainerItemProxy;
			containerPortal = 7B77B69E1EFADC7800A206F6 /* Project object */;
			proxyType = 1;
			remoteGlobalIDString = 7B77B6A51EFADC7800A206F6;
			remoteInfo = DoodlePod;
		};
		7B77B6CE1EFADC7800A206F6 /* PBXContainerItemProxy */ = {
			isa = PBXContainerItemProxy;
			containerPortal = 7B77B69E1EFADC7800A206F6 /* Project object */;
			proxyType = 1;
			remoteGlobalIDString = 7B77B6A51EFADC7800A206F6;
			remoteInfo = DoodlePod;
		};
/* End PBXContainerItemProxy section */

/* Begin PBXFileReference section */
		7B77B6A61EFADC7800A206F6 /* DoodlePod.app */ = {isa = PBXFileReference; explicitFileType = wrapper.application; includeInIndex = 0; path = DoodlePod.app; sourceTree = BUILT_PRODUCTS_DIR; };
		7B77B6AA1EFADC7800A206F6 /* main.m */ = {isa = PBXFileReference; lastKnownFileType = sourcecode.c.objc; path = main.m; sourceTree = "<group>"; };
		7B77B6AC1EFADC7800A206F6 /* AppDelegate.h */ = {isa = PBXFileReference; lastKnownFileType = sourcecode.c.h; path = AppDelegate.h; sourceTree = "<group>"; };
		7B77B6AD1EFADC7800A206F6 /* AppDelegate.m */ = {isa = PBXFileReference; lastKnownFileType = sourcecode.c.objc; path = AppDelegate.m; sourceTree = "<group>"; };
		7B77B6AF1EFADC7800A206F6 /* FirstViewController.h */ = {isa = PBXFileReference; lastKnownFileType = sourcecode.c.h; path = FirstViewController.h; sourceTree = "<group>"; };
		7B77B6B01EFADC7800A206F6 /* FirstViewController.m */ = {isa = PBXFileReference; lastKnownFileType = sourcecode.c.objc; path = FirstViewController.m; sourceTree = "<group>"; };
		7B77B6B21EFADC7800A206F6 /* SecondViewController.h */ = {isa = PBXFileReference; lastKnownFileType = sourcecode.c.h; path = SecondViewController.h; sourceTree = "<group>"; };
		7B77B6B31EFADC7800A206F6 /* SecondViewController.m */ = {isa = PBXFileReference; lastKnownFileType = sourcecode.c.objc; path = SecondViewController.m; sourceTree = "<group>"; };
		7B77B6B61EFADC7800A206F6 /* Base */ = {isa = PBXFileReference; lastKnownFileType = file.storyboard; name = Base; path = Base.lproj/Main.storyboard; sourceTree = "<group>"; };
		7B77B6B81EFADC7800A206F6 /* Assets.xcassets */ = {isa = PBXFileReference; lastKnownFileType = folder.assetcatalog; path = Assets.xcassets; sourceTree = "<group>"; };
		7B77B6BB1EFADC7800A206F6 /* Base */ = {isa = PBXFileReference; lastKnownFileType = file.storyboard; name = Base; path = Base.lproj/LaunchScreen.storyboard; sourceTree = "<group>"; };
		7B77B6BD1EFADC7800A206F6 /* Info.plist */ = {isa = PBXFileReference; lastKnownFileType = text.plist.xml; path = Info.plist; sourceTree = "<group>"; };
		7B77B6C21EFADC7800A206F6 /* DoodlePodTests.xctest */ = {isa = PBXFileReference; explicitFileType = wrapper.cfbundle; includeInIndex = 0; path = DoodlePodTests.xctest; sourceTree = BUILT_PRODUCTS_DIR; };
		7B77B6C61EFADC7800A206F6 /* DoodlePodTests.m */ = {isa = PBXFileReference; lastKnownFileType = sourcecode.c.objc; path = DoodlePodTests.m; sourceTree = "<group>"; };
		7B77B6C81EFADC7800A206F6 /* Info.plist */ = {isa = PBXFileReference; lastKnownFileType = text.plist.xml; path = Info.plist; sourceTree = "<group>"; };
		7B77B6CD1EFADC7800A206F6 /* DoodlePodUITests.xctest */ = {isa = PBXFileReference; explicitFileType = wrapper.cfbundle; includeInIndex = 0; path = DoodlePodUITests.xctest; sourceTree = BUILT_PRODUCTS_DIR; };
		7B77B6D11EFADC7800A206F6 /* DoodlePodUITests.m */ = {isa = PBXFileReference; lastKnownFileType = sourcecode.c.objc; path = DoodlePodUITests.m; sourceTree = "<group>"; };
		7B77B6D31EFADC7800A206F6 /* Info.plist */ = {isa = PBXFileReference; lastKnownFileType = text.plist.xml; path = Info.plist; sourceTree = "<group>"; };
		7B77B6DF1EFADC9E00A206F6 /* DrawSubView.h */ = {isa = PBXFileReference; fileEncoding = 4; lastKnownFileType = sourcecode.c.h; path = DrawSubView.h; sourceTree = "<group>"; };
		7B77B6E01EFADC9E00A206F6 /* DrawSubView.m */ = {isa = PBXFileReference; fileEncoding = 4; lastKnownFileType = sourcecode.c.objc; path = DrawSubView.m; sourceTree = "<group>"; };
		7B77B6E21EFC566800A206F6 /* DBManager.h */ = {isa = PBXFileReference; fileEncoding = 4; lastKnownFileType = sourcecode.c.h; path = DBManager.h; sourceTree = "<group>"; };
		7B77B6E31EFC566800A206F6 /* DBManager.m */ = {isa = PBXFileReference; fileEncoding = 4; lastKnownFileType = sourcecode.c.objc; path = DBManager.m; sourceTree = "<group>"; };
		7B77B6E61EFC63D800A206F6 /* libsqlite3.tbd */ = {isa = PBXFileReference; lastKnownFileType = "sourcecode.text-based-dylib-definition"; name = libsqlite3.tbd; path = usr/lib/libsqlite3.tbd; sourceTree = SDKROOT; };
		7B77B6E81EFD996100A206F6 /* TCPConnectionClientStuff.h */ = {isa = PBXFileReference; fileEncoding = 4; lastKnownFileType = sourcecode.c.h; path = TCPConnectionClientStuff.h; sourceTree = "<group>"; };
		7B77B6E91EFD996100A206F6 /* TCPConnectionClientStuff.m */ = {isa = PBXFileReference; fileEncoding = 4; lastKnownFileType = sourcecode.c.objc; path = TCPConnectionClientStuff.m; sourceTree = "<group>"; };
		7B77B6EB1EFD9B3900A206F6 /* GCDAsyncSocket.h */ = {isa = PBXFileReference; fileEncoding = 4; lastKnownFileType = sourcecode.c.h; name = GCDAsyncSocket.h; path = "../../day 5/Day 9/EchoClient/EchoClient/GCDAsyncSocket.h"; sourceTree = "<group>"; };
		7B77B6EC1EFD9B3900A206F6 /* GCDAsyncSocket.m */ = {isa = PBXFileReference; fileEncoding = 4; lastKnownFileType = sourcecode.c.objc; name = GCDAsyncSocket.m; path = "../../day 5/Day 9/EchoClient/EchoClient/GCDAsyncSocket.m"; sourceTree = "<group>"; };
/* End PBXFileReference section */

/* Begin PBXFrameworksBuildPhase section */
		7B77B6A31EFADC7800A206F6 /* Frameworks */ = {
			isa = PBXFrameworksBuildPhase;
			buildActionMask = 2147483647;
			files = (
				7B77B6E71EFC63D800A206F6 /* libsqlite3.tbd in Frameworks */,
			);
			runOnlyForDeploymentPostprocessing = 0;
		};
		7B77B6BF1EFADC7800A206F6 /* Frameworks */ = {
			isa = PBXFrameworksBuildPhase;
			buildActionMask = 2147483647;
			files = (
			);
			runOnlyForDeploymentPostprocessing = 0;
		};
		7B77B6CA1EFADC7800A206F6 /* Frameworks */ = {
			isa = PBXFrameworksBuildPhase;
			buildActionMask = 2147483647;
			files = (
			);
			runOnlyForDeploymentPostprocessing = 0;
		};
/* End PBXFrameworksBuildPhase section */

/* Begin PBXGroup section */
		7B77B69D1EFADC7800A206F6 = {
			isa = PBXGroup;
			children = (
				7B77B6A81EFADC7800A206F6 /* DoodlePod */,
				7B77B6C51EFADC7800A206F6 /* DoodlePodTests */,
				7B77B6D01EFADC7800A206F6 /* DoodlePodUITests */,
				7B77B6A71EFADC7800A206F6 /* Products */,
				7B77B6E51EFC63D800A206F6 /* Frameworks */,
			);
			sourceTree = "<group>";
		};
		7B77B6A71EFADC7800A206F6 /* Products */ = {
			isa = PBXGroup;
			children = (
				7B77B6A61EFADC7800A206F6 /* DoodlePod.app */,
				7B77B6C21EFADC7800A206F6 /* DoodlePodTests.xctest */,
				7B77B6CD1EFADC7800A206F6 /* DoodlePodUITests.xctest */,
			);
			name = Products;
			sourceTree = "<group>";
		};
		7B77B6A81EFADC7800A206F6 /* DoodlePod */ = {
			isa = PBXGroup;
			children = (
				7B77B6EB1EFD9B3900A206F6 /* GCDAsyncSocket.h */,
				7B77B6EC1EFD9B3900A206F6 /* GCDAsyncSocket.m */,
				7B77B6AC1EFADC7800A206F6 /* AppDelegate.h */,
				7B77B6AD1EFADC7800A206F6 /* AppDelegate.m */,
				7B77B6AF1EFADC7800A206F6 /* FirstViewController.h */,
				7B77B6B01EFADC7800A206F6 /* FirstViewController.m */,
				7B77B6DF1EFADC9E00A206F6 /* DrawSubView.h */,
				7B77B6E01EFADC9E00A206F6 /* DrawSubView.m */,
				7B77B6B21EFADC7800A206F6 /* SecondViewController.h */,
				7B77B6B31EFADC7800A206F6 /* SecondViewController.m */,
				7B77B6E21EFC566800A206F6 /* DBManager.h */,
				7B77B6E31EFC566800A206F6 /* DBManager.m */,
				7B77B6E81EFD996100A206F6 /* TCPConnectionClientStuff.h */,
				7B77B6E91EFD996100A206F6 /* TCPConnectionClientStuff.m */,
				7B77B6B51EFADC7800A206F6 /* Main.storyboard */,
				7B77B6B81EFADC7800A206F6 /* Assets.xcassets */,
				7B77B6BA1EFADC7800A206F6 /* LaunchScreen.storyboard */,
				7B77B6BD1EFADC7800A206F6 /* Info.plist */,
				7B77B6A91EFADC7800A206F6 /* Supporting Files */,
			);
			path = DoodlePod;
			sourceTree = "<group>";
		};
		7B77B6A91EFADC7800A206F6 /* Supporting Files */ = {
			isa = PBXGroup;
			children = (
				7B77B6AA1EFADC7800A206F6 /* main.m */,
			);
			name = "Supporting Files";
			sourceTree = "<group>";
		};
		7B77B6C51EFADC7800A206F6 /* DoodlePodTests */ = {
			isa = PBXGroup;
			children = (
				7B77B6C61EFADC7800A206F6 /* DoodlePodTests.m */,
				7B77B6C81EFADC7800A206F6 /* Info.plist */,
			);
			path = DoodlePodTests;
			sourceTree = "<group>";
		};
		7B77B6D01EFADC7800A206F6 /* DoodlePodUITests */ = {
			isa = PBXGroup;
			children = (
				7B77B6D11EFADC7800A206F6 /* DoodlePodUITests.m */,
				7B77B6D31EFADC7800A206F6 /* Info.plist */,
			);
			path = DoodlePodUITests;
			sourceTree = "<group>";
		};
		7B77B6E51EFC63D800A206F6 /* Frameworks */ = {
			isa = PBXGroup;
			children = (
				7B77B6E61EFC63D800A206F6 /* libsqlite3.tbd */,
			);
			name = Frameworks;
			sourceTree = "<group>";
		};
/* End PBXGroup section */

/* Begin PBXNativeTarget section */
		7B77B6A51EFADC7800A206F6 /* DoodlePod */ = {
			isa = PBXNativeTarget;
			buildConfigurationList = 7B77B6D61EFADC7800A206F6 /* Build configuration list for PBXNativeTarget "DoodlePod" */;
			buildPhases = (
				7B77B6A21EFADC7800A206F6 /* Sources */,
				7B77B6A31EFADC7800A206F6 /* Frameworks */,
				7B77B6A41EFADC7800A206F6 /* Resources */,
			);
			buildRules = (
			);
			dependencies = (
			);
			name = DoodlePod;
			productName = DoodlePod;
			productReference = 7B77B6A61EFADC7800A206F6 /* DoodlePod.app */;
			productType = "com.apple.product-type.application";
		};
		7B77B6C11EFADC7800A206F6 /* DoodlePodTests */ = {
			isa = PBXNativeTarget;
			buildConfigurationList = 7B77B6D91EFADC7800A206F6 /* Build configuration list for PBXNativeTarget "DoodlePodTests" */;
			buildPhases = (
				7B77B6BE1EFADC7800A206F6 /* Sources */,
				7B77B6BF1EFADC7800A206F6 /* Frameworks */,
				7B77B6C01EFADC7800A206F6 /* Resources */,
			);
			buildRules = (
			);
			dependencies = (
				7B77B6C41EFADC7800A206F6 /* PBXTargetDependency */,
			);
			name = DoodlePodTests;
			productName = DoodlePodTests;
			productReference = 7B77B6C21EFADC7800A206F6 /* DoodlePodTests.xctest */;
			productType = "com.apple.product-type.bundle.unit-test";
		};
		7B77B6CC1EFADC7800A206F6 /* DoodlePodUITests */ = {
			isa = PBXNativeTarget;
			buildConfigurationList = 7B77B6DC1EFADC7800A206F6 /* Build configuration list for PBXNativeTarget "DoodlePodUITests" */;
			buildPhases = (
				7B77B6C91EFADC7800A206F6 /* Sources */,
				7B77B6CA1EFADC7800A206F6 /* Frameworks */,
				7B77B6CB1EFADC7800A206F6 /* Resources */,
			);
			buildRules = (
			);
			dependencies = (
				7B77B6CF1EFADC7800A206F6 /* PBXTargetDependency */,
			);
			name = DoodlePodUITests;
			productName = DoodlePodUITests;
			productReference = 7B77B6CD1EFADC7800A206F6 /* DoodlePodUITests.xctest */;
			productType = "com.apple.product-type.bundle.ui-testing";
		};
/* End PBXNativeTarget section */

/* Begin PBXProject section */
		7B77B69E1EFADC7800A206F6 /* Project object */ = {
			isa = PBXProject;
			attributes = {
				LastUpgradeCheck = 0830;
				ORGANIZATIONNAME = beacomni;
				TargetAttributes = {
					7B77B6A51EFADC7800A206F6 = {
						CreatedOnToolsVersion = 8.3.3;
						ProvisioningStyle = Automatic;
					};
					7B77B6C11EFADC7800A206F6 = {
						CreatedOnToolsVersion = 8.3.3;
						ProvisioningStyle = Automatic;
						TestTargetID = 7B77B6A51EFADC7800A206F6;
					};
					7B77B6CC1EFADC7800A206F6 = {
						CreatedOnToolsVersion = 8.3.3;
						ProvisioningStyle = Automatic;
						TestTargetID = 7B77B6A51EFADC7800A206F6;
					};
				};
			};
			buildConfigurationList = 7B77B6A11EFADC7800A206F6 /* Build configuration list for PBXProject "DoodlePod" */;
			compatibilityVersion = "Xcode 3.2";
			developmentRegion = English;
			hasScannedForEncodings = 0;
			knownRegions = (
				en,
				Base,
			);
			mainGroup = 7B77B69D1EFADC7800A206F6;
			productRefGroup = 7B77B6A71EFADC7800A206F6 /* Products */;
			projectDirPath = "";
			projectRoot = "";
			targets = (
				7B77B6A51EFADC7800A206F6 /* DoodlePod */,
				7B77B6C11EFADC7800A206F6 /* DoodlePodTests */,
				7B77B6CC1EFADC7800A206F6 /* DoodlePodUITests */,
			);
		};
/* End PBXProject section */

/* Begin PBXResourcesBuildPhase section */
		7B77B6A41EFADC7800A206F6 /* Resources */ = {
			isa = PBXResourcesBuildPhase;
			buildActionMask = 2147483647;
			files = (
				7B77B6BC1EFADC7800A206F6 /* LaunchScreen.storyboard in Resources */,
				7B77B6B91EFADC7800A206F6 /* Assets.xcassets in Resources */,
				7B77B6B71EFADC7800A206F6 /* Main.storyboard in Resources */,
			);
			runOnlyForDeploymentPostprocessing = 0;
		};
		7B77B6C01EFADC7800A206F6 /* Resources */ = {
			isa = PBXResourcesBuildPhase;
			buildActionMask = 2147483647;
			files = (
			);
			runOnlyForDeploymentPostprocessing = 0;
		};
		7B77B6CB1EFADC7800A206F6 /* Resources */ = {
			isa = PBXResourcesBuildPhase;
			buildActionMask = 2147483647;
			files = (
			);
			runOnlyForDeploymentPostprocessing = 0;
		};
/* End PBXResourcesBuildPhase section */

/* Begin PBXSourcesBuildPhase section */
		7B77B6A21EFADC7800A206F6 /* Sources */ = {
			isa = PBXSourcesBuildPhase;
			buildActionMask = 2147483647;
			files = (
				7B77B6ED1EFD9B3900A206F6 /* GCDAsyncSocket.m in Sources */,
				7B77B6B41EFADC7800A206F6 /* SecondViewController.m in Sources */,
				7B77B6AE1EFADC7800A206F6 /* AppDelegate.m in Sources */,
				7B77B6E11EFADC9E00A206F6 /* DrawSubView.m in Sources */,
				7B77B6E41EFC566800A206F6 /* DBManager.m in Sources */,
				7B77B6B11EFADC7800A206F6 /* FirstViewController.m in Sources */,
				7B77B6EA1EFD996100A206F6 /* TCPConnectionClientStuff.m in Sources */,
				7B77B6AB1EFADC7800A206F6 /* main.m in Sources */,
			);
			runOnlyForDeploymentPostprocessing = 0;
		};
		7B77B6BE1EFADC7800A206F6 /* Sources */ = {
			isa = PBXSourcesBuildPhase;
			buildActionMask = 2147483647;
			files = (
				7B77B6C71EFADC7800A206F6 /* DoodlePodTests.m in Sources */,
			);
			runOnlyForDeploymentPostprocessing = 0;
		};
		7B77B6C91EFADC7800A206F6 /* Sources */ = {
			isa = PBXSourcesBuildPhase;
			buildActionMask = 2147483647;
			files = (
				7B77B6D21EFADC7800A206F6 /* DoodlePodUITests.m in Sources */,
			);
			runOnlyForDeploymentPostprocessing = 0;
		};
/* End PBXSourcesBuildPhase section */

/* Begin PBXTargetDependency section */
		7B77B6C41EFADC7800A206F6 /* PBXTargetDependency */ = {
			isa = PBXTargetDependency;
			target = 7B77B6A51EFADC7800A206F6 /* DoodlePod */;
			targetProxy = 7B77B6C31EFADC7800A206F6 /* PBXContainerItemProxy */;
		};
		7B77B6CF1EFADC7800A206F6 /* PBXTargetDependency */ = {
			isa = PBXTargetDependency;
			target = 7B77B6A51EFADC7800A206F6 /* DoodlePod */;
			targetProxy = 7B77B6CE1EFADC7800A206F6 /* PBXContainerItemProxy */;
		};
/* End PBXTargetDependency section */

/* Begin PBXVariantGroup section */
		7B77B6B51EFADC7800A206F6 /* Main.storyboard */ = {
			isa = PBXVariantGroup;
			children = (
				7B77B6B61EFADC7800A206F6 /* Base */,
			);
			name = Main.storyboard;
			sourceTree = "<group>";
		};
		7B77B6BA1EFADC7800A206F6 /* LaunchScreen.storyboard */ = {
			isa = PBXVariantGroup;
			children = (
				7B77B6BB1EFADC7800A206F6 /* Base */,
			);
			name = LaunchScreen.storyboard;
			sourceTree = "<group>";
		};
/* End PBXVariantGroup section */

/* Begin XCBuildConfiguration section */
		7B77B6D41EFADC7800A206F6 /* Debug */ = {
			isa = XCBuildConfiguration;
			buildSettings = {
				ALWAYS_SEARCH_USER_PATHS = NO;
				CLANG_ANALYZER_NONNULL = YES;
				CLANG_ANALYZER_NUMBER_OBJECT_CONVERSION = YES_AGGRESSIVE;
				CLANG_CXX_LANGUAGE_STANDARD = "gnu++0x";
				CLANG_CXX_LIBRARY = "libc++";
				CLANG_ENABLE_MODULES = YES;
				CLANG_ENABLE_OBJC_ARC = YES;
				CLANG_WARN_BOOL_CONVERSION = YES;
				CLANG_WARN_CONSTANT_CONVERSION = YES;
				CLANG_WARN_DIRECT_OBJC_ISA_USAGE = YES_ERROR;
				CLANG_WARN_DOCUMENTATION_COMMENTS = YES;
				CLANG_WARN_EMPTY_BODY = YES;
				CLANG_WARN_ENUM_CONVERSION = YES;
				CLANG_WARN_INFINITE_RECURSION = YES;
				CLANG_WARN_INT_CONVERSION = YES;
				CLANG_WARN_OBJC_ROOT_CLASS = YES_ERROR;
				CLANG_WARN_SUSPICIOUS_MOVE = YES;
				CLANG_WARN_UNREACHABLE_CODE = YES;
				CLANG_WARN__DUPLICATE_METHOD_MATCH = YES;
				"CODE_SIGN_IDENTITY[sdk=iphoneos*]" = "iPhone Developer";
				COPY_PHASE_STRIP = NO;
				DEBUG_INFORMATION_FORMAT = dwarf;
				ENABLE_STRICT_OBJC_MSGSEND = YES;
				ENABLE_TESTABILITY = YES;
				GCC_C_LANGUAGE_STANDARD = gnu99;
				GCC_DYNAMIC_NO_PIC = NO;
				GCC_NO_COMMON_BLOCKS = YES;
				GCC_OPTIMIZATION_LEVEL = 0;
				GCC_PREPROCESSOR_DEFINITIONS = (
					"DEBUG=1",
					"$(inherited)",
				);
				GCC_WARN_64_TO_32_BIT_CONVERSION = YES;
				GCC_WARN_ABOUT_RETURN_TYPE = YES_ERROR;
				GCC_WARN_UNDECLARED_SELECTOR = YES;
				GCC_WARN_UNINITIALIZED_AUTOS = YES_AGGRESSIVE;
				GCC_WARN_UNUSED_FUNCTION = YES;
				GCC_WARN_UNUSED_VARIABLE = YES;
				IPHONEOS_DEPLOYMENT_TARGET = 10.3;
				MTL_ENABLE_DEBUG_INFO = YES;
				ONLY_ACTIVE_ARCH = YES;
				SDKROOT = iphoneos;
				TARGETED_DEVICE_FAMILY = "1,2";
			};
			name = Debug;
		};
		7B77B6D51EFADC7800A206F6 /* Release */ = {
			isa = XCBuildConfiguration;
			buildSettings = {
				ALWAYS_SEARCH_USER_PATHS = NO;
				CLANG_ANALYZER_NONNULL = YES;
				CLANG_ANALYZER_NUMBER_OBJECT_CONVERSION = YES_AGGRESSIVE;
				CLANG_CXX_LANGUAGE_STANDARD = "gnu++0x";
				CLANG_CXX_LIBRARY = "libc++";
				CLANG_ENABLE_MODULES = YES;
				CLANG_ENABLE_OBJC_ARC = YES;
				CLANG_WARN_BOOL_CONVERSION = YES;
				CLANG_WARN_CONSTANT_CONVERSION = YES;
				CLANG_WARN_DIRECT_OBJC_ISA_USAGE = YES_ERROR;
				CLANG_WARN_DOCUMENTATION_COMMENTS = YES;
				CLANG_WARN_EMPTY_BODY = YES;
				CLANG_WARN_ENUM_CONVERSION = YES;
				CLANG_WARN_INFINITE_RECURSION = YES;
				CLANG_WARN_INT_CONVERSION = YES;
				CLANG_WARN_OBJC_ROOT_CLASS = YES_ERROR;
				CLANG_WARN_SUSPICIOUS_MOVE = YES;
				CLANG_WARN_UNREACHABLE_CODE = YES;
				CLANG_WARN__DUPLICATE_METHOD_MATCH = YES;
				"CODE_SIGN_IDENTITY[sdk=iphoneos*]" = "iPhone Developer";
				COPY_PHASE_STRIP = NO;
				DEBUG_INFORMATION_FORMAT = "dwarf-with-dsym";
				ENABLE_NS_ASSERTIONS = NO;
				ENABLE_STRICT_OBJC_MSGSEND = YES;
				GCC_C_LANGUAGE_STANDARD = gnu99;
				GCC_NO_COMMON_BLOCKS = YES;
				GCC_WARN_64_TO_32_BIT_CONVERSION = YES;
				GCC_WARN_ABOUT_RETURN_TYPE = YES_ERROR;
				GCC_WARN_UNDECLARED_SELECTOR = YES;
				GCC_WARN_UNINITIALIZED_AUTOS = YES_AGGRESSIVE;
				GCC_WARN_UNUSED_FUNCTION = YES;
				GCC_WARN_UNUSED_VARIABLE = YES;
				IPHONEOS_DEPLOYMENT_TARGET = 10.3;
				MTL_ENABLE_DEBUG_INFO = NO;
				SDKROOT = iphoneos;
				TARGETED_DEVICE_FAMILY = "1,2";
				VALIDATE_PRODUCT = YES;
			};
			name = Release;
		};
		7B77B6D71EFADC7800A206F6 /* Debug */ = {
			isa = XCBuildConfiguration;
			buildSettings = {
				ASSETCATALOG_COMPILER_APPICON_NAME = AppIcon;
				INFOPLIST_FILE = DoodlePod/Info.plist;
				LD_RUNPATH_SEARCH_PATHS = "$(inherited) @executable_path/Frameworks";
				PRODUCT_BUNDLE_IDENTIFIER = pioneer.DoodlePod;
				PRODUCT_NAME = "$(TARGET_NAME)";
			};
			name = Debug;
		};
		7B77B6D81EFADC7800A206F6 /* Release */ = {
			isa = XCBuildConfiguration;
			buildSettings = {
				ASSETCATALOG_COMPILER_APPICON_NAME = AppIcon;
				INFOPLIST_FILE = DoodlePod/Info.plist;
				LD_RUNPATH_SEARCH_PATHS = "$(inherited) @executable_path/Frameworks";
				PRODUCT_BUNDLE_IDENTIFIER = pioneer.DoodlePod;
				PRODUCT_NAME = "$(TARGET_NAME)";
			};
			name = Release;
		};
		7B77B6DA1EFADC7800A206F6 /* Debug */ = {
			isa = XCBuildConfiguration;
			buildSettings = {
				BUNDLE_LOADER = "$(TEST_HOST)";
				INFOPLIST_FILE = DoodlePodTests/Info.plist;
				LD_RUNPATH_SEARCH_PATHS = "$(inherited) @executable_path/Frameworks @loader_path/Frameworks";
				PRODUCT_BUNDLE_IDENTIFIER = pioneer.DoodlePodTests;
				PRODUCT_NAME = "$(TARGET_NAME)";
				TEST_HOST = "$(BUILT_PRODUCTS_DIR)/DoodlePod.app/DoodlePod";
			};
			name = Debug;
		};
		7B77B6DB1EFADC7800A206F6 /* Release */ = {
			isa = XCBuildConfiguration;
			buildSettings = {
				BUNDLE_LOADER = "$(TEST_HOST)";
				INFOPLIST_FILE = DoodlePodTests/Info.plist;
				LD_RUNPATH_SEARCH_PATHS = "$(inherited) @executable_path/Frameworks @loader_path/Frameworks";
				PRODUCT_BUNDLE_IDENTIFIER = pioneer.DoodlePodTests;
				PRODUCT_NAME = "$(TARGET_NAME)";
				TEST_HOST = "$(BUILT_PRODUCTS_DIR)/DoodlePod.app/DoodlePod";
			};
			name = Release;
		};
		7B77B6DD1EFADC7800A206F6 /* Debug */ = {
			isa = XCBuildConfiguration;
			buildSettings = {
				INFOPLIST_FILE = DoodlePodUITests/Info.plist;
				LD_RUNPATH_SEARCH_PATHS = "$(inherited) @executable_path/Frameworks @loader_path/Frameworks";
				PRODUCT_BUNDLE_IDENTIFIER = pioneer.DoodlePodUITests;
				PRODUCT_NAME = "$(TARGET_NAME)";
				TEST_TARGET_NAME = DoodlePod;
			};
			name = Debug;
		};
		7B77B6DE1EFADC7800A206F6 /* Release */ = {
			isa = XCBuildConfiguration;
			buildSettings = {
				INFOPLIST_FILE = DoodlePodUITests/Info.plist;
				LD_RUNPATH_SEARCH_PATHS = "$(inherited) @executable_path/Frameworks @loader_path/Frameworks";
				PRODUCT_BUNDLE_IDENTIFIER = pioneer.DoodlePodUITests;
				PRODUCT_NAME = "$(TARGET_NAME)";
				TEST_TARGET_NAME = DoodlePod;
			};
			name = Release;
		};
/* End XCBuildConfiguration section */

/* Begin XCConfigurationList section */
		7B77B6A11EFADC7800A206F6 /* Build configuration list for PBXProject "DoodlePod" */ = {
			isa = XCConfigurationList;
			buildConfigurations = (
				7B77B6D41EFADC7800A206F6 /* Debug */,
				7B77B6D51EFADC7800A206F6 /* Release */,
			);
			defaultConfigurationIsVisible = 0;
			defaultConfigurationName = Release;
		};
		7B77B6D61EFADC7800A206F6 /* Build configuration list for PBXNativeTarget "DoodlePod" */ = {
			isa = XCConfigurationList;
			buildConfigurations = (
				7B77B6D71EFADC7800A206F6 /* Debug */,
				7B77B6D81EFADC7800A206F6 /* Release */,
			);
			defaultConfigurationIsVisible = 0;
		};
		7B77B6D91EFADC7800A206F6 /* Build configuration list for PBXNativeTarget "DoodlePodTests" */ = {
			isa = XCConfigurationList;
			buildConfigurations = (
				7B77B6DA1EFADC7800A206F6 /* Debug */,
				7B77B6DB1EFADC7800A206F6 /* Release */,
			);
			defaultConfigurationIsVisible = 0;
		};
		7B77B6DC1EFADC7800A206F6 /* Build configuration list for PBXNativeTarget "DoodlePodUITests" */ = {
			isa = XCConfigurationList;
			buildConfigurations = (
				7B77B6DD1EFADC7800A206F6 /* Debug */,
				7B77B6DE1EFADC7800A206F6 /* Release */,
			);
			defaultConfigurationIsVisible = 0;
		};
/* End XCConfigurationList section */
	};
	rootObject = 7B77B69E1EFADC7800A206F6 /* Project object */;
}
